// !$*UTF8*$!
{
	archiveVersion = 1;
	classes = {
	};
	objectVersion = 46;
	objects = {

/* Begin PBXBuildFile section */
		262EA6F51BE335CF00D8B90D /* main.cpp in Sources */ = {isa = PBXBuildFile; fileRef = 262EA6F41BE335CF00D8B90D /* main.cpp */; };
/* End PBXBuildFile section */

/* Begin PBXCopyFilesBuildPhase section */
		262EA6EF1BE335CF00D8B90D /* CopyFiles */ = {
			isa = PBXCopyFilesBuildPhase;
			buildActionMask = 2147483647;
			dstPath = /usr/share/man/man1/;
			dstSubfolderSpec = 0;
			files = (
			);
			runOnlyForDeploymentPostprocessing = 1;
		};
/* End PBXCopyFilesBuildPhase section */

/* Begin PBXFileReference section */
		262EA6F11BE335CF00D8B90D /* Exhaustive */ = {isa = PBXFileReference; explicitFileType = "compiled.mach-o.executable"; includeInIndex = 0; path = Exhaustive; sourceTree = BUILT_PRODUCTS_DIR; };
		262EA6F41BE335CF00D8B90D /* main.cpp */ = {isa = PBXFileReference; lastKnownFileType = sourcecode.cpp.cpp; path = main.cpp; sourceTree = "<group>"; };
/* End PBXFileReference section */

/* Begin PBXFrameworksBuildPhase section */
		262EA6EE1BE335CF00D8B90D /* Frameworks */ = {
			isa = PBXFrameworksBuildPhase;
			buildActionMask = 2147483647;
			files = (
			);
			runOnlyForDeploymentPostprocessing = 0;
		};
/* End PBXFrameworksBuildPhase section */

/* Begin PBXGroup section */
		262EA6E81BE335CF00D8B90D = {
			isa = PBXGroup;
			children = (
				262EA6F31BE335CF00D8B90D /* Exhaustive */,
				262EA6F21BE335CF00D8B90D /* Products */,
			);
			sourceTree = "<group>";
		};
		262EA6F21BE335CF00D8B90D /* Products */ = {
			isa = PBXGroup;
			children = (
				262EA6F11BE335CF00D8B90D /* Exhaustive */,
			);
			name = Products;
			sourceTree = "<group>";
		};
		262EA6F31BE335CF00D8B90D /* Exhaustive */ = {
			isa = PBXGroup;
			children = (
				262EA6F41BE335CF00D8B90D /* main.cpp */,
			);
			path = Exhaustive;
			sourceTree = "<group>";
		};
/* End PBXGroup section */

/* Begin PBXNativeTarget section */
		262EA6F01BE335CF00D8B90D /* Exhaustive */ = {
			isa = PBXNativeTarget;
			buildConfigurationList = 262EA6F81BE335CF00D8B90D /* Build configuration list for PBXNativeTarget "Exhaustive" */;
			buildPhases = (
				262EA6ED1BE335CF00D8B90D /* Sources */,
				262EA6EE1BE335CF00D8B90D /* Frameworks */,
				262EA6EF1BE335CF00D8B90D /* CopyFiles */,
			);
			buildRules = (
			);
			dependencies = (
			);
			name = Exhaustive;
			productName = Exhaustive;
			productReference = 262EA6F11BE335CF00D8B90D /* Exhaustive */;
			productType = "com.apple.product-type.tool";
		};
/* End PBXNativeTarget section */

/* Begin PBXProject section */
		262EA6E91BE335CF00D8B90D /* Project object */ = {
			isa = PBXProject;
			attributes = {
				LastUpgradeCheck = 0710;
				ORGANIZATIONNAME = "Scott Ha";
				TargetAttributes = {
					262EA6F01BE335CF00D8B90D = {
						CreatedOnToolsVersion = 7.1;
					};
				};
			};
			buildConfigurationList = 262EA6EC1BE335CF00D8B90D /* Build configuration list for PBXProject "Exhaustive" */;
			compatibilityVersion = "Xcode 3.2";
			developmentRegion = English;
			hasScannedForEncodings = 0;
			knownRegions = (
				en,
			);
			mainGroup = 262EA6E81BE335CF00D8B90D;
			productRefGroup = 262EA6F21BE335CF00D8B90D /* Products */;
			projectDirPath = "";
			projectRoot = "";
			targets = (
				262EA6F01BE335CF00D8B90D /* Exhaustive */,
			);
		};
/* End PBXProject section */

/* Begin PBXSourcesBuildPhase section */
		262EA6ED1BE335CF00D8B90D /* Sources */ = {
			isa = PBXSourcesBuildPhase;
			buildActionMask = 2147483647;
			files = (
				262EA6F51BE335CF00D8B90D /* main.cpp in Sources */,
			);
			runOnlyForDeploymentPostprocessing = 0;
		};
/* End PBXSourcesBuildPhase section */

/* Begin XCBuildConfiguration section */
		262EA6F61BE335CF00D8B90D /* Debug */ = {
			isa = XCBuildConfiguration;
			buildSettings = {
				ALWAYS_SEARCH_USER_PATHS = NO;
				CLANG_CXX_LANGUAGE_STANDARD = "gnu++0x";
				CLANG_CXX_LIBRARY = "libc++";
				CLANG_ENABLE_MODULES = YES;
				CLANG_ENABLE_OBJC_ARC = YES;
				CLANG_WARN_BOOL_CONVERSION = YES;
				CLANG_WARN_CONSTANT_CONVERSION = YES;
				CLANG_WARN_DIRECT_OBJC_ISA_USAGE = YES_ERROR;
				CLANG_WARN_EMPTY_BODY = YES;
				CLANG_WARN_ENUM_CONVERSION = YES;
				CLANG_WARN_INT_CONVERSION = YES;
				CLANG_WARN_OBJC_ROOT_CLASS = YES_ERROR;
				CLANG_WARN_UNREACHABLE_CODE = YES;
				CLANG_WARN__DUPLICATE_METHOD_MATCH = YES;
				CODE_SIGN_IDENTITY = "-";
				COPY_PHASE_STRIP = NO;
				DEBUG_INFORMATION_FORMAT = dwarf;
				ENABLE_STRICT_OBJC_MSGSEND = YES;
				ENABLE_TESTABILITY = YES;
				GCC_C_LANGUAGE_STANDARD = gnu99;
				GCC_DYNAMIC_NO_PIC = NO;
				GCC_NO_COMMON_BLOCKS = YES;
				GCC_OPTIMIZATION_LEVEL = 0;
				GCC_PREPROCESSOR_DEFINITIONS = (
					"DEBUG=1",
					"$(inherited)",
				);
				GCC_WARN_64_TO_32_BIT_CONVERSION = YES;
				GCC_WARN_ABOUT_RETURN_TYPE = YES_ERROR;
				GCC_WARN_UNDECLARED_SELECTOR = YES;
				GCC_WARN_UNINITIALIZED_AUTOS = YES_AGGRESSIVE;
				GCC_WARN_UNUSED_FUNCTION = YES;
				GCC_WARN_UNUSED_VARIABLE = YES;
				MACOSX_DEPLOYMENT_TARGET = 10.11;
				MTL_ENABLE_DEBUG_INFO = YES;
				ONLY_ACTIVE_ARCH = YES;
				SDKROOT = macosx;
			};
			name = Debug;
		};
		262EA6F71BE335CF00D8B90D /* Release */ = {
			isa = XCBuildConfiguration;
			buildSettings = {
				ALWAYS_SEARCH_USER_PATHS = NO;
				CLANG_CXX_LANGUAGE_STANDARD = "gnu++0x";
				CLANG_CXX_LIBRARY = "libc++";
				CLANG_ENABLE_MODULES = YES;
				CLANG_ENABLE_OBJC_ARC = YES;
				CLANG_WARN_BOOL_CONVERSION = YES;
				CLANG_WARN_CONSTANT_CONVERSION = YES;
				CLANG_WARN_DIRECT_OBJC_ISA_USAGE = YES_ERROR;
				CLANG_WARN_EMPTY_BODY = YES;
				CLANG_WARN_ENUM_CONVERSION = YES;
				CLANG_WARN_INT_CONVERSION = YES;
				CLANG_WARN_OBJC_ROOT_CLASS = YES_ERROR;
				CLANG_WARN_UNREACHABLE_CODE = YES;
				CLANG_WARN__DUPLICATE_METHOD_MATCH = YES;
				CODE_SIGN_IDENTITY = "-";
				COPY_PHASE_STRIP = NO;
				DEBUG_INFORMATION_FORMAT = "dwarf-with-dsym";
				ENABLE_NS_ASSERTIONS = NO;
				ENABLE_STRICT_OBJC_MSGSEND = YES;
				GCC_C_LANGUAGE_STANDARD = gnu99;
				GCC_NO_COMMON_BLOCKS = YES;
				GCC_WARN_64_TO_32_BIT_CONVERSION = YES;
				GCC_WARN_ABOUT_RETURN_TYPE = YES_ERROR;
				GCC_WARN_UNDECLARED_SELECTOR = YES;
				GCC_WARN_UNINITIALIZED_AUTOS = YES_AGGRESSIVE;
				GCC_WARN_UNUSED_FUNCTION = YES;
				GCC_WARN_UNUSED_VARIABLE = YES;
				MACOSX_DEPLOYMENT_TARGET = 10.11;
				MTL_ENABLE_DEBUG_INFO = NO;
				SDKROOT = macosx;
			};
			name = Release;
		};
		262EA6F91BE335CF00D8B90D /* Debug */ = {
			isa = XCBuildConfiguration;
			buildSettings = {
				PRODUCT_NAME = "$(TARGET_NAME)";
			};
			name = Debug;
		};
		262EA6FA1BE335CF00D8B90D /* Release */ = {
			isa = XCBuildConfiguration;
			buildSettings = {
				PRODUCT_NAME = "$(TARGET_NAME)";
			};
			name = Release;
		};
/* End XCBuildConfiguration section */

/* Begin XCConfigurationList section */
		262EA6EC1BE335CF00D8B90D /* Build configuration list for PBXProject "Exhaustive" */ = {
			isa = XCConfigurationList;
			buildConfigurations = (
				262EA6F61BE335CF00D8B90D /* Debug */,
				262EA6F71BE335CF00D8B90D /* Release */,
			);
			defaultConfigurationIsVisible = 0;
			defaultConfigurationName = Release;
		};
		262EA6F81BE335CF00D8B90D /* Build configuration list for PBXNativeTarget "Exhaustive" */ = {
			isa = XCConfigurationList;
			buildConfigurations = (
				262EA6F91BE335CF00D8B90D /* Debug */,
				262EA6FA1BE335CF00D8B90D /* Release */,
			);
			defaultConfigurationIsVisible = 0;
		};
/* End XCConfigurationList section */
	};
	rootObject = 262EA6E91BE335CF00D8B90D /* Project object */;
}
