// !$*UTF8*$!
{
	archiveVersion = 1;
	classes = {
	};
	objectVersion = 46;
	objects = {

/* Begin PBXBuildFile section */
		2601A67C1B9FAFD900CE3C4C /* main.cpp in Sources */ = {isa = PBXBuildFile; fileRef = 2601A67B1B9FAFD900CE3C4C /* main.cpp */; };
/* End PBXBuildFile section */

/* Begin PBXCopyFilesBuildPhase section */
		2601A6761B9FAFD900CE3C4C /* CopyFiles */ = {
			isa = PBXCopyFilesBuildPhase;
			buildActionMask = 2147483647;
			dstPath = /usr/share/man/man1/;
			dstSubfolderSpec = 0;
			files = (
			);
			runOnlyForDeploymentPostprocessing = 1;
		};
/* End PBXCopyFilesBuildPhase section */

/* Begin PBXFileReference section */
		2601A6781B9FAFD900CE3C4C /* Lawnmower */ = {isa = PBXFileReference; explicitFileType = "compiled.mach-o.executable"; includeInIndex = 0; path = Lawnmower; sourceTree = BUILT_PRODUCTS_DIR; };
		2601A67B1B9FAFD900CE3C4C /* main.cpp */ = {isa = PBXFileReference; lastKnownFileType = sourcecode.cpp.cpp; path = main.cpp; sourceTree = "<group>"; };
/* End PBXFileReference section */

/* Begin PBXFrameworksBuildPhase section */
		2601A6751B9FAFD900CE3C4C /* Frameworks */ = {
			isa = PBXFrameworksBuildPhase;
			buildActionMask = 2147483647;
			files = (
			);
			runOnlyForDeploymentPostprocessing = 0;
		};
/* End PBXFrameworksBuildPhase section */

/* Begin PBXGroup section */
		2601A66F1B9FAFD900CE3C4C = {
			isa = PBXGroup;
			children = (
				2601A67A1B9FAFD900CE3C4C /* Lawnmower */,
				2601A6791B9FAFD900CE3C4C /* Products */,
			);
			sourceTree = "<group>";
		};
		2601A6791B9FAFD900CE3C4C /* Products */ = {
			isa = PBXGroup;
			children = (
				2601A6781B9FAFD900CE3C4C /* Lawnmower */,
			);
			name = Products;
			sourceTree = "<group>";
		};
		2601A67A1B9FAFD900CE3C4C /* Lawnmower */ = {
			isa = PBXGroup;
			children = (
				2601A67B1B9FAFD900CE3C4C /* main.cpp */,
			);
			path = Lawnmower;
			sourceTree = "<group>";
		};
/* End PBXGroup section */

/* Begin PBXNativeTarget section */
		2601A6771B9FAFD900CE3C4C /* Lawnmower */ = {
			isa = PBXNativeTarget;
			buildConfigurationList = 2601A67F1B9FAFD900CE3C4C /* Build configuration list for PBXNativeTarget "Lawnmower" */;
			buildPhases = (
				2601A6741B9FAFD900CE3C4C /* Sources */,
				2601A6751B9FAFD900CE3C4C /* Frameworks */,
				2601A6761B9FAFD900CE3C4C /* CopyFiles */,
			);
			buildRules = (
			);
			dependencies = (
			);
			name = Lawnmower;
			productName = Lawnmower;
			productReference = 2601A6781B9FAFD900CE3C4C /* Lawnmower */;
			productType = "com.apple.product-type.tool";
		};
/* End PBXNativeTarget section */

/* Begin PBXProject section */
		2601A6701B9FAFD900CE3C4C /* Project object */ = {
			isa = PBXProject;
			attributes = {
				LastUpgradeCheck = 0640;
				ORGANIZATIONNAME = "Scott Ha";
				TargetAttributes = {
					2601A6771B9FAFD900CE3C4C = {
						CreatedOnToolsVersion = 6.4;
					};
				};
			};
			buildConfigurationList = 2601A6731B9FAFD900CE3C4C /* Build configuration list for PBXProject "Lawnmower" */;
			compatibilityVersion = "Xcode 3.2";
			developmentRegion = English;
			hasScannedForEncodings = 0;
			knownRegions = (
				en,
			);
			mainGroup = 2601A66F1B9FAFD900CE3C4C;
			productRefGroup = 2601A6791B9FAFD900CE3C4C /* Products */;
			projectDirPath = "";
			projectRoot = "";
			targets = (
				2601A6771B9FAFD900CE3C4C /* Lawnmower */,
			);
		};
/* End PBXProject section */

/* Begin PBXSourcesBuildPhase section */
		2601A6741B9FAFD900CE3C4C /* Sources */ = {
			isa = PBXSourcesBuildPhase;
			buildActionMask = 2147483647;
			files = (
				2601A67C1B9FAFD900CE3C4C /* main.cpp in Sources */,
			);
			runOnlyForDeploymentPostprocessing = 0;
		};
/* End PBXSourcesBuildPhase section */

/* Begin XCBuildConfiguration section */
		2601A67D1B9FAFD900CE3C4C /* Debug */ = {
			isa = XCBuildConfiguration;
			buildSettings = {
				ALWAYS_SEARCH_USER_PATHS = NO;
				CLANG_CXX_LANGUAGE_STANDARD = "gnu++0x";
				CLANG_CXX_LIBRARY = "libc++";
				CLANG_ENABLE_MODULES = YES;
				CLANG_ENABLE_OBJC_ARC = YES;
				CLANG_WARN_BOOL_CONVERSION = YES;
				CLANG_WARN_CONSTANT_CONVERSION = YES;
				CLANG_WARN_DIRECT_OBJC_ISA_USAGE = YES_ERROR;
				CLANG_WARN_EMPTY_BODY = YES;
				CLANG_WARN_ENUM_CONVERSION = YES;
				CLANG_WARN_INT_CONVERSION = YES;
				CLANG_WARN_OBJC_ROOT_CLASS = YES_ERROR;
				CLANG_WARN_UNREACHABLE_CODE = YES;
				CLANG_WARN__DUPLICATE_METHOD_MATCH = YES;
				COPY_PHASE_STRIP = NO;
				DEBUG_INFORMATION_FORMAT = dwarf;
				ENABLE_STRICT_OBJC_MSGSEND = YES;
				GCC_C_LANGUAGE_STANDARD = gnu99;
				GCC_DYNAMIC_NO_PIC = NO;
				GCC_NO_COMMON_BLOCKS = YES;
				GCC_OPTIMIZATION_LEVEL = 0;
				GCC_PREPROCESSOR_DEFINITIONS = (
					"DEBUG=1",
					"$(inherited)",
				);
				GCC_SYMBOLS_PRIVATE_EXTERN = NO;
				GCC_WARN_64_TO_32_BIT_CONVERSION = YES;
				GCC_WARN_ABOUT_RETURN_TYPE = YES_ERROR;
				GCC_WARN_UNDECLARED_SELECTOR = YES;
				GCC_WARN_UNINITIALIZED_AUTOS = YES_AGGRESSIVE;
				GCC_WARN_UNUSED_FUNCTION = YES;
				GCC_WARN_UNUSED_VARIABLE = YES;
				MACOSX_DEPLOYMENT_TARGET = 10.10;
				MTL_ENABLE_DEBUG_INFO = YES;
				ONLY_ACTIVE_ARCH = YES;
				SDKROOT = macosx;
			};
			name = Debug;
		};
		2601A67E1B9FAFD900CE3C4C /* Release */ = {
			isa = XCBuildConfiguration;
			buildSettings = {
				ALWAYS_SEARCH_USER_PATHS = NO;
				CLANG_CXX_LANGUAGE_STANDARD = "gnu++0x";
				CLANG_CXX_LIBRARY = "libc++";
				CLANG_ENABLE_MODULES = YES;
				CLANG_ENABLE_OBJC_ARC = YES;
				CLANG_WARN_BOOL_CONVERSION = YES;
				CLANG_WARN_CONSTANT_CONVERSION = YES;
				CLANG_WARN_DIRECT_OBJC_ISA_USAGE = YES_ERROR;
				CLANG_WARN_EMPTY_BODY = YES;
				CLANG_WARN_ENUM_CONVERSION = YES;
				CLANG_WARN_INT_CONVERSION = YES;
				CLANG_WARN_OBJC_ROOT_CLASS = YES_ERROR;
				CLANG_WARN_UNREACHABLE_CODE = YES;
				CLANG_WARN__DUPLICATE_METHOD_MATCH = YES;
				COPY_PHASE_STRIP = NO;
				DEBUG_INFORMATION_FORMAT = "dwarf-with-dsym";
				ENABLE_NS_ASSERTIONS = NO;
				ENABLE_STRICT_OBJC_MSGSEND = YES;
				GCC_C_LANGUAGE_STANDARD = gnu99;
				GCC_NO_COMMON_BLOCKS = YES;
				GCC_WARN_64_TO_32_BIT_CONVERSION = YES;
				GCC_WARN_ABOUT_RETURN_TYPE = YES_ERROR;
				GCC_WARN_UNDECLARED_SELECTOR = YES;
				GCC_WARN_UNINITIALIZED_AUTOS = YES_AGGRESSIVE;
				GCC_WARN_UNUSED_FUNCTION = YES;
				GCC_WARN_UNUSED_VARIABLE = YES;
				MACOSX_DEPLOYMENT_TARGET = 10.10;
				MTL_ENABLE_DEBUG_INFO = NO;
				SDKROOT = macosx;
			};
			name = Release;
		};
		2601A6801B9FAFD900CE3C4C /* Debug */ = {
			isa = XCBuildConfiguration;
			buildSettings = {
				PRODUCT_NAME = "$(TARGET_NAME)";
			};
			name = Debug;
		};
		2601A6811B9FAFD900CE3C4C /* Release */ = {
			isa = XCBuildConfiguration;
			buildSettings = {
				PRODUCT_NAME = "$(TARGET_NAME)";
			};
			name = Release;
		};
/* End XCBuildConfiguration section */

/* Begin XCConfigurationList section */
		2601A6731B9FAFD900CE3C4C /* Build configuration list for PBXProject "Lawnmower" */ = {
			isa = XCConfigurationList;
			buildConfigurations = (
				2601A67D1B9FAFD900CE3C4C /* Debug */,
				2601A67E1B9FAFD900CE3C4C /* Release */,
			);
			defaultConfigurationIsVisible = 0;
			defaultConfigurationName = Release;
		};
		2601A67F1B9FAFD900CE3C4C /* Build configuration list for PBXNativeTarget "Lawnmower" */ = {
			isa = XCConfigurationList;
			buildConfigurations = (
				2601A6801B9FAFD900CE3C4C /* Debug */,
				2601A6811B9FAFD900CE3C4C /* Release */,
			);
			defaultConfigurationIsVisible = 0;
		};
/* End XCConfigurationList section */
	};
	rootObject = 2601A6701B9FAFD900CE3C4C /* Project object */;
}
